
Microsoft Visual Studio Solution File, Format Version 12.00
# Visual Studio Version 17
VisualStudioVersion = 17.13.35818.85 d17.13
MinimumVisualStudioVersion = 10.0.40219.1
Project("{FAE04EC0-301F-11D3-BF4B-00C04F79EFBC}") = "Bài 16_Format TexT", "Bài 16_Format TexT.csproj", "{CE6D33A6-9D70-4BCD-8944-348B975B97C8}"
EndProject
Global
	GlobalSection(SolutionConfigurationPlatforms) = preSolution
		Debug|Any CPU = Debug|Any CPU
		Release|Any CPU = Release|Any CPU
	EndGlobalSection
	GlobalSection(ProjectConfigurationPlatforms) = postSolution
		{CE6D33A6-9D70-4BCD-8944-348B975B97C8}.Debug|Any CPU.ActiveCfg = Debug|Any CPU
		{CE6D33A6-9D70-4BCD-8944-348B975B97C8}.Debug|Any CPU.Build.0 = Debug|Any CPU
		{CE6D33A6-9D70-4BCD-8944-348B975B97C8}.Release|Any CPU.ActiveCfg = Release|Any CPU
		{CE6D33A6-9D70-4BCD-8944-348B975B97C8}.Release|Any CPU.Build.0 = Release|Any CPU
	EndGlobalSection
	GlobalSection(SolutionProperties) = preSolution
		HideSolutionNode = FALSE
	EndGlobalSection
	GlobalSection(ExtensibilityGlobals) = postSolution
		SolutionGuid = {F5115F2E-5C90-4A15-B27B-E98D7A109680}
	EndGlobalSection
EndGlobal
